// !$*UTF8*$!
{
	archiveVersion = 1;
	classes = {
	};
	objectVersion = 77;
	objects = {

/* Begin PBXContainerItemProxy section */
		E0E8E0B42DF2CFF50038246E /* PBXContainerItemProxy */ = {
			isa = PBXContainerItemProxy;
			containerPortal = E0E8E0992DF2CFF40038246E /* Project object */;
			proxyType = 1;
			remoteGlobalIDString = E0E8E0A02DF2CFF40038246E;
			remoteInfo = ReciptNote;
		};
		E0E8E0BE2DF2CFF50038246E /* PBXContainerItemProxy */ = {
			isa = PBXContainerItemProxy;
			containerPortal = E0E8E0992DF2CFF40038246E /* Project object */;
			proxyType = 1;
			remoteGlobalIDString = E0E8E0A02DF2CFF40038246E;
			remoteInfo = ReciptNote;
		};
/* End PBXContainerItemProxy section */

/* Begin PBXFileReference section */
		E0E8E0A12DF2CFF40038246E /* ReciptNote.app */ = {isa = PBXFileReference; explicitFileType = wrapper.application; includeInIndex = 0; path = ReciptNote.app; sourceTree = BUILT_PRODUCTS_DIR; };
		E0E8E0B32DF2CFF50038246E /* ReciptNoteTests.xctest */ = {isa = PBXFileReference; explicitFileType = wrapper.cfbundle; includeInIndex = 0; path = ReciptNoteTests.xctest; sourceTree = BUILT_PRODUCTS_DIR; };
		E0E8E0BD2DF2CFF50038246E /* ReciptNoteUITests.xctest */ = {isa = PBXFileReference; explicitFileType = wrapper.cfbundle; includeInIndex = 0; path = ReciptNoteUITests.xctest; sourceTree = BUILT_PRODUCTS_DIR; };
/* End PBXFileReference section */

/* Begin PBXFileSystemSynchronizedRootGroup section */
		E0E8E0A32DF2CFF40038246E /* ReciptNote */ = {
			isa = PBXFileSystemSynchronizedRootGroup;
			path = ReciptNote;
			sourceTree = "<group>";
		};
		E0E8E0B62DF2CFF50038246E /* ReciptNoteTests */ = {
			isa = PBXFileSystemSynchronizedRootGroup;
			path = ReciptNoteTests;
			sourceTree = "<group>";
		};
		E0E8E0C02DF2CFF50038246E /* ReciptNoteUITests */ = {
			isa = PBXFileSystemSynchronizedRootGroup;
			path = ReciptNoteUITests;
			sourceTree = "<group>";
		};
/* End PBXFileSystemSynchronizedRootGroup section */

/* Begin PBXFrameworksBuildPhase section */
		E0E8E09E2DF2CFF40038246E /* Frameworks */ = {
			isa = PBXFrameworksBuildPhase;
			buildActionMask = 2147483647;
			files = (
			);
			runOnlyForDeploymentPostprocessing = 0;
		};
		E0E8E0B02DF2CFF50038246E /* Frameworks */ = {
			isa = PBXFrameworksBuildPhase;
			buildActionMask = 2147483647;
			files = (
			);
			runOnlyForDeploymentPostprocessing = 0;
		};
		E0E8E0BA2DF2CFF50038246E /* Frameworks */ = {
			isa = PBXFrameworksBuildPhase;
			buildActionMask = 2147483647;
			files = (
			);
			runOnlyForDeploymentPostprocessing = 0;
		};
/* End PBXFrameworksBuildPhase section */

/* Begin PBXGroup section */
		E0E8E0982DF2CFF40038246E = {
			isa = PBXGroup;
			children = (
				E0E8E0A32DF2CFF40038246E /* ReciptNote */,
				E0E8E0B62DF2CFF50038246E /* ReciptNoteTests */,
				E0E8E0C02DF2CFF50038246E /* ReciptNoteUITests */,
				E0E8E0A22DF2CFF40038246E /* Products */,
			);
			sourceTree = "<group>";
		};
		E0E8E0A22DF2CFF40038246E /* Products */ = {
			isa = PBXGroup;
			children = (
				E0E8E0A12DF2CFF40038246E /* ReciptNote.app */,
				E0E8E0B32DF2CFF50038246E /* ReciptNoteTests.xctest */,
				E0E8E0BD2DF2CFF50038246E /* ReciptNoteUITests.xctest */,
			);
			name = Products;
			sourceTree = "<group>";
		};
/* End PBXGroup section */

/* Begin PBXNativeTarget section */
		E0E8E0A02DF2CFF40038246E /* ReciptNote */ = {
			isa = PBXNativeTarget;
			buildConfigurationList = E0E8E0C72DF2CFF50038246E /* Build configuration list for PBXNativeTarget "ReciptNote" */;
			buildPhases = (
				E0E8E09D2DF2CFF40038246E /* Sources */,
				E0E8E09E2DF2CFF40038246E /* Frameworks */,
				E0E8E09F2DF2CFF40038246E /* Resources */,
			);
			buildRules = (
			);
			dependencies = (
			);
			fileSystemSynchronizedGroups = (
				E0E8E0A32DF2CFF40038246E /* ReciptNote */,
			);
			name = ReciptNote;
			packageProductDependencies = (
			);
			productName = ReciptNote;
			productReference = E0E8E0A12DF2CFF40038246E /* ReciptNote.app */;
			productType = "com.apple.product-type.application";
		};
		E0E8E0B22DF2CFF50038246E /* ReciptNoteTests */ = {
			isa = PBXNativeTarget;
			buildConfigurationList = E0E8E0CA2DF2CFF50038246E /* Build configuration list for PBXNativeTarget "ReciptNoteTests" */;
			buildPhases = (
				E0E8E0AF2DF2CFF50038246E /* Sources */,
				E0E8E0B02DF2CFF50038246E /* Frameworks */,
				E0E8E0B12DF2CFF50038246E /* Resources */,
			);
			buildRules = (
			);
			dependencies = (
				E0E8E0B52DF2CFF50038246E /* PBXTargetDependency */,
			);
			fileSystemSynchronizedGroups = (
				E0E8E0B62DF2CFF50038246E /* ReciptNoteTests */,
			);
			name = ReciptNoteTests;
			packageProductDependencies = (
			);
			productName = ReciptNoteTests;
			productReference = E0E8E0B32DF2CFF50038246E /* ReciptNoteTests.xctest */;
			productType = "com.apple.product-type.bundle.unit-test";
		};
		E0E8E0BC2DF2CFF50038246E /* ReciptNoteUITests */ = {
			isa = PBXNativeTarget;
			buildConfigurationList = E0E8E0CD2DF2CFF50038246E /* Build configuration list for PBXNativeTarget "ReciptNoteUITests" */;
			buildPhases = (
				E0E8E0B92DF2CFF50038246E /* Sources */,
				E0E8E0BA2DF2CFF50038246E /* Frameworks */,
				E0E8E0BB2DF2CFF50038246E /* Resources */,
			);
			buildRules = (
			);
			dependencies = (
				E0E8E0BF2DF2CFF50038246E /* PBXTargetDependency */,
			);
			fileSystemSynchronizedGroups = (
				E0E8E0C02DF2CFF50038246E /* ReciptNoteUITests */,
			);
			name = ReciptNoteUITests;
			packageProductDependencies = (
			);
			productName = ReciptNoteUITests;
			productReference = E0E8E0BD2DF2CFF50038246E /* ReciptNoteUITests.xctest */;
			productType = "com.apple.product-type.bundle.ui-testing";
		};
/* End PBXNativeTarget section */

/* Begin PBXProject section */
		E0E8E0992DF2CFF40038246E /* Project object */ = {
			isa = PBXProject;
			attributes = {
				BuildIndependentTargetsInParallel = 1;
				LastSwiftUpdateCheck = 1640;
				LastUpgradeCheck = 1640;
				TargetAttributes = {
					E0E8E0A02DF2CFF40038246E = {
						CreatedOnToolsVersion = 16.4;
					};
					E0E8E0B22DF2CFF50038246E = {
						CreatedOnToolsVersion = 16.4;
						TestTargetID = E0E8E0A02DF2CFF40038246E;
					};
					E0E8E0BC2DF2CFF50038246E = {
						CreatedOnToolsVersion = 16.4;
						TestTargetID = E0E8E0A02DF2CFF40038246E;
					};
				};
			};
			buildConfigurationList = E0E8E09C2DF2CFF40038246E /* Build configuration list for PBXProject "ReciptNote" */;
			developmentRegion = en;
			hasScannedForEncodings = 0;
			knownRegions = (
				en,
				Base,
			);
			mainGroup = E0E8E0982DF2CFF40038246E;
			minimizedProjectReferenceProxies = 1;
			preferredProjectObjectVersion = 77;
			productRefGroup = E0E8E0A22DF2CFF40038246E /* Products */;
			projectDirPath = "";
			projectRoot = "";
			targets = (
				E0E8E0A02DF2CFF40038246E /* ReciptNote */,
				E0E8E0B22DF2CFF50038246E /* ReciptNoteTests */,
				E0E8E0BC2DF2CFF50038246E /* ReciptNoteUITests */,
			);
		};
/* End PBXProject section */

/* Begin PBXResourcesBuildPhase section */
		E0E8E09F2DF2CFF40038246E /* Resources */ = {
			isa = PBXResourcesBuildPhase;
			buildActionMask = 2147483647;
			files = (
			);
			runOnlyForDeploymentPostprocessing = 0;
		};
		E0E8E0B12DF2CFF50038246E /* Resources */ = {
			isa = PBXResourcesBuildPhase;
			buildActionMask = 2147483647;
			files = (
			);
			runOnlyForDeploymentPostprocessing = 0;
		};
		E0E8E0BB2DF2CFF50038246E /* Resources */ = {
			isa = PBXResourcesBuildPhase;
			buildActionMask = 2147483647;
			files = (
			);
			runOnlyForDeploymentPostprocessing = 0;
		};
/* End PBXResourcesBuildPhase section */

/* Begin PBXSourcesBuildPhase section */
		E0E8E09D2DF2CFF40038246E /* Sources */ = {
			isa = PBXSourcesBuildPhase;
			buildActionMask = 2147483647;
			files = (
			);
			runOnlyForDeploymentPostprocessing = 0;
		};
		E0E8E0AF2DF2CFF50038246E /* Sources */ = {
			isa = PBXSourcesBuildPhase;
			buildActionMask = 2147483647;
			files = (
			);
			runOnlyForDeploymentPostprocessing = 0;
		};
		E0E8E0B92DF2CFF50038246E /* Sources */ = {
			isa = PBXSourcesBuildPhase;
			buildActionMask = 2147483647;
			files = (
			);
			runOnlyForDeploymentPostprocessing = 0;
		};
/* End PBXSourcesBuildPhase section */

/* Begin PBXTargetDependency section */
		E0E8E0B52DF2CFF50038246E /* PBXTargetDependency */ = {
			isa = PBXTargetDependency;
			target = E0E8E0A02DF2CFF40038246E /* ReciptNote */;
			targetProxy = E0E8E0B42DF2CFF50038246E /* PBXContainerItemProxy */;
		};
		E0E8E0BF2DF2CFF50038246E /* PBXTargetDependency */ = {
			isa = PBXTargetDependency;
			target = E0E8E0A02DF2CFF40038246E /* ReciptNote */;
			targetProxy = E0E8E0BE2DF2CFF50038246E /* PBXContainerItemProxy */;
		};
/* End PBXTargetDependency section */

/* Begin XCBuildConfiguration section */
		E0E8E0C52DF2CFF50038246E /* Debug */ = {
			isa = XCBuildConfiguration;
			buildSettings = {
				ALWAYS_SEARCH_USER_PATHS = NO;
				ASSETCATALOG_COMPILER_GENERATE_SWIFT_ASSET_SYMBOL_EXTENSIONS = YES;
				CLANG_ANALYZER_NONNULL = YES;
				CLANG_ANALYZER_NUMBER_OBJECT_CONVERSION = YES_AGGRESSIVE;
				CLANG_CXX_LANGUAGE_STANDARD = "gnu++20";
				CLANG_ENABLE_MODULES = YES;
				CLANG_ENABLE_OBJC_ARC = YES;
				CLANG_ENABLE_OBJC_WEAK = YES;
				CLANG_WARN_BLOCK_CAPTURE_AUTORELEASING = YES;
				CLANG_WARN_BOOL_CONVERSION = YES;
				CLANG_WARN_COMMA = YES;
				CLANG_WARN_CONSTANT_CONVERSION = YES;
				CLANG_WARN_DEPRECATED_OBJC_IMPLEMENTATIONS = YES;
				CLANG_WARN_DIRECT_OBJC_ISA_USAGE = YES_ERROR;
				CLANG_WARN_DOCUMENTATION_COMMENTS = YES;
				CLANG_WARN_EMPTY_BODY = YES;
				CLANG_WARN_ENUM_CONVERSION = YES;
				CLANG_WARN_INFINITE_RECURSION = YES;
				CLANG_WARN_INT_CONVERSION = YES;
				CLANG_WARN_NON_LITERAL_NULL_CONVERSION = YES;
				CLANG_WARN_OBJC_IMPLICIT_RETAIN_SELF = YES;
				CLANG_WARN_OBJC_LITERAL_CONVERSION = YES;
				CLANG_WARN_OBJC_ROOT_CLASS = YES_ERROR;
				CLANG_WARN_QUOTED_INCLUDE_IN_FRAMEWORK_HEADER = YES;
				CLANG_WARN_RANGE_LOOP_ANALYSIS = YES;
				CLANG_WARN_STRICT_PROTOTYPES = YES;
				CLANG_WARN_SUSPICIOUS_MOVE = YES;
				CLANG_WARN_UNGUARDED_AVAILABILITY = YES_AGGRESSIVE;
				CLANG_WARN_UNREACHABLE_CODE = YES;
				CLANG_WARN__DUPLICATE_METHOD_MATCH = YES;
				COPY_PHASE_STRIP = NO;
				DEBUG_INFORMATION_FORMAT = dwarf;
				ENABLE_STRICT_OBJC_MSGSEND = YES;
				ENABLE_TESTABILITY = YES;
				ENABLE_USER_SCRIPT_SANDBOXING = YES;
				GCC_C_LANGUAGE_STANDARD = gnu17;
				GCC_DYNAMIC_NO_PIC = NO;
				GCC_NO_COMMON_BLOCKS = YES;
				GCC_OPTIMIZATION_LEVEL = 0;
				GCC_PREPROCESSOR_DEFINITIONS = (
					"DEBUG=1",
					"$(inherited)",
				);
				GCC_WARN_64_TO_32_BIT_CONVERSION = YES;
				GCC_WARN_ABOUT_RETURN_TYPE = YES_ERROR;
				GCC_WARN_UNDECLARED_SELECTOR = YES;
				GCC_WARN_UNINITIALIZED_AUTOS = YES_AGGRESSIVE;
				GCC_WARN_UNUSED_FUNCTION = YES;
				GCC_WARN_UNUSED_VARIABLE = YES;
				IPHONEOS_DEPLOYMENT_TARGET = 18.5;
				LOCALIZATION_PREFERS_STRING_CATALOGS = YES;
				MTL_ENABLE_DEBUG_INFO = INCLUDE_SOURCE;
				MTL_FAST_MATH = YES;
				ONLY_ACTIVE_ARCH = YES;
				SDKROOT = iphoneos;
				SWIFT_ACTIVE_COMPILATION_CONDITIONS = "DEBUG $(inherited)";
				SWIFT_OPTIMIZATION_LEVEL = "-Onone";
			};
			name = Debug;
		};
		E0E8E0C62DF2CFF50038246E /* Release */ = {
			isa = XCBuildConfiguration;
			buildSettings = {
				ALWAYS_SEARCH_USER_PATHS = NO;
				ASSETCATALOG_COMPILER_GENERATE_SWIFT_ASSET_SYMBOL_EXTENSIONS = YES;
				CLANG_ANALYZER_NONNULL = YES;
				CLANG_ANALYZER_NUMBER_OBJECT_CONVERSION = YES_AGGRESSIVE;
				CLANG_CXX_LANGUAGE_STANDARD = "gnu++20";
				CLANG_ENABLE_MODULES = YES;
				CLANG_ENABLE_OBJC_ARC = YES;
				CLANG_ENABLE_OBJC_WEAK = YES;
				CLANG_WARN_BLOCK_CAPTURE_AUTORELEASING = YES;
				CLANG_WARN_BOOL_CONVERSION = YES;
				CLANG_WARN_COMMA = YES;
				CLANG_WARN_CONSTANT_CONVERSION = YES;
				CLANG_WARN_DEPRECATED_OBJC_IMPLEMENTATIONS = YES;
				CLANG_WARN_DIRECT_OBJC_ISA_USAGE = YES_ERROR;
				CLANG_WARN_DOCUMENTATION_COMMENTS = YES;
				CLANG_WARN_EMPTY_BODY = YES;
				CLANG_WARN_ENUM_CONVERSION = YES;
				CLANG_WARN_INFINITE_RECURSION = YES;
				CLANG_WARN_INT_CONVERSION = YES;
				CLANG_WARN_NON_LITERAL_NULL_CONVERSION = YES;
				CLANG_WARN_OBJC_IMPLICIT_RETAIN_SELF = YES;
				CLANG_WARN_OBJC_LITERAL_CONVERSION = YES;
				CLANG_WARN_OBJC_ROOT_CLASS = YES_ERROR;
				CLANG_WARN_QUOTED_INCLUDE_IN_FRAMEWORK_HEADER = YES;
				CLANG_WARN_RANGE_LOOP_ANALYSIS = YES;
				CLANG_WARN_STRICT_PROTOTYPES = YES;
				CLANG_WARN_SUSPICIOUS_MOVE = YES;
				CLANG_WARN_UNGUARDED_AVAILABILITY = YES_AGGRESSIVE;
				CLANG_WARN_UNREACHABLE_CODE = YES;
				CLANG_WARN__DUPLICATE_METHOD_MATCH = YES;
				COPY_PHASE_STRIP = NO;
				DEBUG_INFORMATION_FORMAT = "dwarf-with-dsym";
				ENABLE_NS_ASSERTIONS = NO;
				ENABLE_STRICT_OBJC_MSGSEND = YES;
				ENABLE_USER_SCRIPT_SANDBOXING = YES;
				GCC_C_LANGUAGE_STANDARD = gnu17;
				GCC_NO_COMMON_BLOCKS = YES;
				GCC_WARN_64_TO_32_BIT_CONVERSION = YES;
				GCC_WARN_ABOUT_RETURN_TYPE = YES_ERROR;
				GCC_WARN_UNDECLARED_SELECTOR = YES;
				GCC_WARN_UNINITIALIZED_AUTOS = YES_AGGRESSIVE;
				GCC_WARN_UNUSED_FUNCTION = YES;
				GCC_WARN_UNUSED_VARIABLE = YES;
				IPHONEOS_DEPLOYMENT_TARGET = 18.5;
				LOCALIZATION_PREFERS_STRING_CATALOGS = YES;
				MTL_ENABLE_DEBUG_INFO = NO;
				MTL_FAST_MATH = YES;
				SDKROOT = iphoneos;
				SWIFT_COMPILATION_MODE = wholemodule;
				VALIDATE_PRODUCT = YES;
			};
			name = Release;
		};
		E0E8E0C82DF2CFF50038246E /* Debug */ = {
			isa = XCBuildConfiguration;
			buildSettings = {
				ASSETCATALOG_COMPILER_APPICON_NAME = AppIcon;
				ASSETCATALOG_COMPILER_GLOBAL_ACCENT_COLOR_NAME = AccentColor;
				CODE_SIGN_STYLE = Automatic;
				CURRENT_PROJECT_VERSION = 1;
				ENABLE_PREVIEWS = YES;
				GENERATE_INFOPLIST_FILE = YES;
				INFOPLIST_KEY_NSCameraUsageDescription = "영수증 촬영을 위해 카메라 접근이 필요합니다.";
				INFOPLIST_KEY_NSPhotoLibraryUsageDescription = "영수증 이미지 선택을 위해 사진 라이브러리 접근이 필요합니다.";
				INFOPLIST_KEY_UIApplicationSceneManifest_Generation = YES;
				INFOPLIST_KEY_UIApplicationSupportsIndirectInputEvents = YES;
				INFOPLIST_KEY_UILaunchScreen_Generation = YES;
				INFOPLIST_KEY_UISupportedInterfaceOrientations_iPad = "UIInterfaceOrientationPortrait UIInterfaceOrientationPortraitUpsideDown UIInterfaceOrientationLandscapeLeft UIInterfaceOrientationLandscapeRight";
				INFOPLIST_KEY_UISupportedInterfaceOrientations_iPhone = "UIInterfaceOrientationPortrait UIInterfaceOrientationLandscapeLeft UIInterfaceOrientationLandscapeRight";
				LD_RUNPATH_SEARCH_PATHS = (
					"$(inherited)",
					"@executable_path/Frameworks",
				);
				MARKETING_VERSION = 1.0;
				PRODUCT_BUNDLE_IDENTIFIER = hansung.ReciptNote;
				PRODUCT_NAME = "$(TARGET_NAME)";
				SWIFT_EMIT_LOC_STRINGS = YES;
				SWIFT_VERSION = 5.0;
				TARGETED_DEVICE_FAMILY = "1,2";
			};
			name = Debug;
		};
		E0E8E0C92DF2CFF50038246E /* Release */ = {
			isa = XCBuildConfiguration;
			buildSettings = {
				ASSETCATALOG_COMPILER_APPICON_NAME = AppIcon;
				ASSETCATALOG_COMPILER_GLOBAL_ACCENT_COLOR_NAME = AccentColor;
				CODE_SIGN_STYLE = Automatic;
				CURRENT_PROJECT_VERSION = 1;
				ENABLE_PREVIEWS = YES;
				GENERATE_INFOPLIST_FILE = YES;
				INFOPLIST_KEY_NSCameraUsageDescription = "영수증 촬영을 위해 카메라 접근이 필요합니다.";
				INFOPLIST_KEY_NSPhotoLibraryUsageDescription = "영수증 이미지 선택을 위해 사진 라이브러리 접근이 필요합니다.";
				INFOPLIST_KEY_UIApplicationSceneManifest_Generation = YES;
				INFOPLIST_KEY_UIApplicationSupportsIndirectInputEvents = YES;
				INFOPLIST_KEY_UILaunchScreen_Generation = YES;
				INFOPLIST_KEY_UISupportedInterfaceOrientations_iPad = "UIInterfaceOrientationPortrait UIInterfaceOrientationPortraitUpsideDown UIInterfaceOrientationLandscapeLeft UIInterfaceOrientationLandscapeRight";
				INFOPLIST_KEY_UISupportedInterfaceOrientations_iPhone = "UIInterfaceOrientationPortrait UIInterfaceOrientationLandscapeLeft UIInterfaceOrientationLandscapeRight";
				LD_RUNPATH_SEARCH_PATHS = (
					"$(inherited)",
					"@executable_path/Frameworks",
				);
				MARKETING_VERSION = 1.0;
				PRODUCT_BUNDLE_IDENTIFIER = hansung.ReciptNote;
				PRODUCT_NAME = "$(TARGET_NAME)";
				SWIFT_EMIT_LOC_STRINGS = YES;
				SWIFT_VERSION = 5.0;
				TARGETED_DEVICE_FAMILY = "1,2";
			};
			name = Release;
		};
		E0E8E0CB2DF2CFF50038246E /* Debug */ = {
			isa = XCBuildConfiguration;
			buildSettings = {
				BUNDLE_LOADER = "$(TEST_HOST)";
				CODE_SIGN_STYLE = Automatic;
				CURRENT_PROJECT_VERSION = 1;
				GENERATE_INFOPLIST_FILE = YES;
				IPHONEOS_DEPLOYMENT_TARGET = 18.5;
				MARKETING_VERSION = 1.0;
				PRODUCT_BUNDLE_IDENTIFIER = hansung.ReciptNoteTests;
				PRODUCT_NAME = "$(TARGET_NAME)";
				SWIFT_EMIT_LOC_STRINGS = NO;
				SWIFT_VERSION = 5.0;
				TARGETED_DEVICE_FAMILY = "1,2";
				TEST_HOST = "$(BUILT_PRODUCTS_DIR)/ReciptNote.app/$(BUNDLE_EXECUTABLE_FOLDER_PATH)/ReciptNote";
			};
			name = Debug;
		};
		E0E8E0CC2DF2CFF50038246E /* Release */ = {
			isa = XCBuildConfiguration;
			buildSettings = {
				BUNDLE_LOADER = "$(TEST_HOST)";
				CODE_SIGN_STYLE = Automatic;
				CURRENT_PROJECT_VERSION = 1;
				GENERATE_INFOPLIST_FILE = YES;
				IPHONEOS_DEPLOYMENT_TARGET = 18.5;
				MARKETING_VERSION = 1.0;
				PRODUCT_BUNDLE_IDENTIFIER = hansung.ReciptNoteTests;
				PRODUCT_NAME = "$(TARGET_NAME)";
				SWIFT_EMIT_LOC_STRINGS = NO;
				SWIFT_VERSION = 5.0;
				TARGETED_DEVICE_FAMILY = "1,2";
				TEST_HOST = "$(BUILT_PRODUCTS_DIR)/ReciptNote.app/$(BUNDLE_EXECUTABLE_FOLDER_PATH)/ReciptNote";
			};
			name = Release;
		};
		E0E8E0CE2DF2CFF50038246E /* Debug */ = {
			isa = XCBuildConfiguration;
			buildSettings = {
				CODE_SIGN_STYLE = Automatic;
				CURRENT_PROJECT_VERSION = 1;
				GENERATE_INFOPLIST_FILE = YES;
				MARKETING_VERSION = 1.0;
				PRODUCT_BUNDLE_IDENTIFIER = hansung.ReciptNoteUITests;
				PRODUCT_NAME = "$(TARGET_NAME)";
				SWIFT_EMIT_LOC_STRINGS = NO;
				SWIFT_VERSION = 5.0;
				TARGETED_DEVICE_FAMILY = "1,2";
				TEST_TARGET_NAME = ReciptNote;
			};
			name = Debug;
		};
		E0E8E0CF2DF2CFF50038246E /* Release */ = {
			isa = XCBuildConfiguration;
			buildSettings = {
				CODE_SIGN_STYLE = Automatic;
				CURRENT_PROJECT_VERSION = 1;
				GENERATE_INFOPLIST_FILE = YES;
				MARKETING_VERSION = 1.0;
				PRODUCT_BUNDLE_IDENTIFIER = hansung.ReciptNoteUITests;
				PRODUCT_NAME = "$(TARGET_NAME)";
				SWIFT_EMIT_LOC_STRINGS = NO;
				SWIFT_VERSION = 5.0;
				TARGETED_DEVICE_FAMILY = "1,2";
				TEST_TARGET_NAME = ReciptNote;
			};
			name = Release;
		};
/* End XCBuildConfiguration section */

/* Begin XCConfigurationList section */
		E0E8E09C2DF2CFF40038246E /* Build configuration list for PBXProject "ReciptNote" */ = {
			isa = XCConfigurationList;
			buildConfigurations = (
				E0E8E0C52DF2CFF50038246E /* Debug */,
				E0E8E0C62DF2CFF50038246E /* Release */,
			);
			defaultConfigurationIsVisible = 0;
			defaultConfigurationName = Release;
		};
		E0E8E0C72DF2CFF50038246E /* Build configuration list for PBXNativeTarget "ReciptNote" */ = {
			isa = XCConfigurationList;
			buildConfigurations = (
				E0E8E0C82DF2CFF50038246E /* Debug */,
				E0E8E0C92DF2CFF50038246E /* Release */,
			);
			defaultConfigurationIsVisible = 0;
			defaultConfigurationName = Release;
		};
		E0E8E0CA2DF2CFF50038246E /* Build configuration list for PBXNativeTarget "ReciptNoteTests" */ = {
			isa = XCConfigurationList;
			buildConfigurations = (
				E0E8E0CB2DF2CFF50038246E /* Debug */,
				E0E8E0CC2DF2CFF50038246E /* Release */,
			);
			defaultConfigurationIsVisible = 0;
			defaultConfigurationName = Release;
		};
		E0E8E0CD2DF2CFF50038246E /* Build configuration list for PBXNativeTarget "ReciptNoteUITests" */ = {
			isa = XCConfigurationList;
			buildConfigurations = (
				E0E8E0CE2DF2CFF50038246E /* Debug */,
				E0E8E0CF2DF2CFF50038246E /* Release */,
			);
			defaultConfigurationIsVisible = 0;
			defaultConfigurationName = Release;
		};
/* End XCConfigurationList section */
	};
	rootObject = E0E8E0992DF2CFF40038246E /* Project object */;
}
